{
  "originHash" : "496aeba323398df389b43149d07945189ddafa226e8dd186832a40a0c5082615",
  "pins" : [
    {
      "identity" : "swift-concurrency-extras",
      "kind" : "remoteSourceControl",
      "location" : "https://github.com/pointfreeco/swift-concurrency-extras",
      "state" : {
        "revision" : "5a3825302b1a0d744183200915a47b508c828e6f",
        "version" : "1.3.2"
      }
    },
    {
      "identity" : "textual",
      "kind" : "remoteSourceControl",
      "location" : "https://github.com/gonzalezreal/textual",
      "state" : {
        "revision" : "675933ec315767ad3deacff33fcc46eb2b25ae4c",
        "version" : "0.1.1"
      }
    }
  ],
  "version" : 3
}
